
Microsoft Visual Studio Solution File, Format Version 12.00
Project("{FAE04EC0-301F-11D3-BF4B-00C04F79EFBC}") = "GorillaMediaDisplay", "GorillaMediaDisplay\GorillaMediaDisplay.csproj", "{9F1A8F99-E545-42F8-908B-56AECACC452F}"
EndProject
Global
	GlobalSection(SolutionConfigurationPlatforms) = preSolution
		Debug|Any CPU = Debug|Any CPU
		Release|Any CPU = Release|Any CPU
	EndGlobalSection
	GlobalSection(ProjectConfigurationPlatforms) = postSolution
		{9F1A8F99-E545-42F8-908B-56AECACC452F}.Debug|Any CPU.ActiveCfg = Debug|Any CPU
		{9F1A8F99-E545-42F8-908B-56AECACC452F}.Debug|Any CPU.Build.0 = Debug|Any CPU
		{9F1A8F99-E545-42F8-908B-56AECACC452F}.Release|Any CPU.ActiveCfg = Release|Any CPU
		{9F1A8F99-E545-42F8-908B-56AECACC452F}.Release|Any CPU.Build.0 = Release|Any CPU
	EndGlobalSection
EndGlobal
